PODS:
  - Flutter (1.0.0)
  - flutter_native_splash (0.0.1):
    - Flutter
  - flutter_naver_login (0.0.1):
    - Flutter
    - naveridlogin-sdk-ios (~> 4.1.0)
  - naveridlogin-sdk-ios (4.1.6)
  - image_picker_ios (0.0.1):
    - Flutter
  - sign_in_with_apple (0.0.1):
    - Flutter

DEPENDENCIES:
  - Flutter (from `Flutter`)
  - flutter_native_splash (from `.symlinks/plugins/flutter_native_splash/ios`)
  - flutter_naver_login (from `.symlinks/plugins/flutter_naver_login/ios`)
  - sign_in_with_apple (from `.symlinks/plugins/sign_in_with_apple/ios`)
  - image_picker_ios (from `.symlinks/plugins/image_picker_ios/ios`)

SPEC REPOS:
  trunk:
    - naveridlogin-sdk-ios

EXTERNAL SOURCES:
  Flutter:
    :path: Flutter
  flutter_native_splash:
    :path: ".symlinks/plugins/flutter_native_splash/ios"
  flutter_naver_login:
    :path: ".symlinks/plugins/flutter_naver_login/ios"
  image_picker_ios:
    :path: ".symlinks/plugins/image_picker_ios/ios"
  sign_in_with_apple:
    :path: ".symlinks/plugins/sign_in_with_apple/ios"

SPEC CHECKSUMS:
  Flutter: f04841e97a9d0b0a8025694d0796dd46242b2854
  flutter_native_splash: 52501b97d1c0a5f898d687f1646226c1f93c56ef
  flutter_naver_login: 1dbf6d21aae5235cdf76a28ac79cf6871899282f
  naveridlogin-sdk-ios: cdd34e3585a3d5aaf37c1d84c1f41faba4a25d1a
  sign_in_with_apple: f3bf75217ea4c2c8b91823f225d70230119b8440
  image_picker_ios: 4a8aadfbb6dc30ad5141a2ce3832af9214a705b5

PODFILE CHECKSUM: 70d9d25280d0dd177a5f637cdb0f0b0b12c6a189

COCOAPODS: 1.11.3
